{
  "lockfileVersion": 1,
  "workspaces": {
    "": {
      "name": "bun-react-template",
      "dependencies": {
        "@radix-ui/react-slot": "^1.2.3",
        "@tanstack/react-query": "^5.84.2",
        "better-auth": "^1.3.6",
        "bun-plugin-tailwind": "^0.0.15",
        "class-variance-authority": "^0.7.1",
        "clsx": "^2.1.1",
        "lucide-react": "^0.539.0",
        "react": "^19",
        "react-dom": "^19",
        "tailwind-merge": "^3.3.1",
        "tailwindcss": "^4.1.11",
        "tw-animate-css": "^1.3.6",
      },
      "devDependencies": {
        "@biomejs/biome": "2.1.4",
        "@types/bun": "latest",
        "@types/react": "^19",
        "@types/react-dom": "^19",
      },
    },
  },
  "packages": {
    "@better-auth/utils": ["@better-auth/utils@0.2.6", "", { "dependencies": { "uncrypto": "^0.1.3" } }, "sha512-3y/vaL5Ox33dBwgJ6ub3OPkVqr6B5xL2kgxNHG8eHZuryLyG/4JSPGqjbdRSgjuy9kALUZYDFl+ORIAxlWMSuA=="],

    "@better-fetch/fetch": ["@better-fetch/fetch@1.1.18", "", {}, "sha512-rEFOE1MYIsBmoMJtQbl32PGHHXuG2hDxvEd7rUHE0vCBoFQVSDqaVs9hkZEtHCxRoY+CljXKFCOuJ8uxqw1LcA=="],

    "@biomejs/biome": ["@biomejs/biome@2.1.4", "", { "optionalDependencies": { "@biomejs/cli-darwin-arm64": "2.1.4", "@biomejs/cli-darwin-x64": "2.1.4", "@biomejs/cli-linux-arm64": "2.1.4", "@biomejs/cli-linux-arm64-musl": "2.1.4", "@biomejs/cli-linux-x64": "2.1.4", "@biomejs/cli-linux-x64-musl": "2.1.4", "@biomejs/cli-win32-arm64": "2.1.4", "@biomejs/cli-win32-x64": "2.1.4" }, "bin": { "biome": "bin/biome" } }, "sha512-QWlrqyxsU0FCebuMnkvBIkxvPqH89afiJzjMl+z67ybutse590jgeaFdDurE9XYtzpjRGTI1tlUZPGWmbKsElA=="],

    "@biomejs/cli-darwin-arm64": ["@biomejs/cli-darwin-arm64@2.1.4", "", { "os": "darwin", "cpu": "arm64" }, "sha512-sCrNENE74I9MV090Wq/9Dg7EhPudx3+5OiSoQOkIe3DLPzFARuL1dOwCWhKCpA3I5RHmbrsbNSRfZwCabwd8Qg=="],

    "@biomejs/cli-darwin-x64": ["@biomejs/cli-darwin-x64@2.1.4", "", { "os": "darwin", "cpu": "x64" }, "sha512-gOEICJbTCy6iruBywBDcG4X5rHMbqCPs3clh3UQ+hRKlgvJTk4NHWQAyHOXvaLe+AxD1/TNX1jbZeffBJzcrOw=="],

    "@biomejs/cli-linux-arm64": ["@biomejs/cli-linux-arm64@2.1.4", "", { "os": "linux", "cpu": "arm64" }, "sha512-juhEkdkKR4nbUi5k/KRp1ocGPNWLgFRD4NrHZSveYrD6i98pyvuzmS9yFYgOZa5JhaVqo0HPnci0+YuzSwT2fw=="],

    "@biomejs/cli-linux-arm64-musl": ["@biomejs/cli-linux-arm64-musl@2.1.4", "", { "os": "linux", "cpu": "arm64" }, "sha512-nYr7H0CyAJPaLupFE2cH16KZmRC5Z9PEftiA2vWxk+CsFkPZQ6dBRdcC6RuS+zJlPc/JOd8xw3uCCt9Pv41WvQ=="],

    "@biomejs/cli-linux-x64": ["@biomejs/cli-linux-x64@2.1.4", "", { "os": "linux", "cpu": "x64" }, "sha512-Eoy9ycbhpJVYuR+LskV9s3uyaIkp89+qqgqhGQsWnp/I02Uqg2fXFblHJOpGZR8AxdB9ADy87oFVxn9MpFKUrw=="],

    "@biomejs/cli-linux-x64-musl": ["@biomejs/cli-linux-x64-musl@2.1.4", "", { "os": "linux", "cpu": "x64" }, "sha512-lvwvb2SQQHctHUKvBKptR6PLFCM7JfRjpCCrDaTmvB7EeZ5/dQJPhTYBf36BE/B4CRWR2ZiBLRYhK7hhXBCZAg=="],

    "@biomejs/cli-win32-arm64": ["@biomejs/cli-win32-arm64@2.1.4", "", { "os": "win32", "cpu": "arm64" }, "sha512-3WRYte7orvyi6TRfIZkDN9Jzoogbv+gSvR+b9VOXUg1We1XrjBg6WljADeVEaKTvOcpVdH0a90TwyOQ6ue4fGw=="],

    "@biomejs/cli-win32-x64": ["@biomejs/cli-win32-x64@2.1.4", "", { "os": "win32", "cpu": "x64" }, "sha512-tBc+W7anBPSFXGAoQW+f/+svkpt8/uXfRwDzN1DvnatkRMt16KIYpEi/iw8u9GahJlFv98kgHcIrSsZHZTR0sw=="],

    "@hexagon/base64": ["@hexagon/base64@1.1.28", "", {}, "sha512-lhqDEAvWixy3bZ+UOYbPwUbBkwBq5C1LAJ/xPC8Oi+lL54oyakv/npbA0aU2hgCsx/1NUd4IBvV03+aUBWxerw=="],

    "@levischuck/tiny-cbor": ["@levischuck/tiny-cbor@0.2.11", "", {}, "sha512-llBRm4dT4Z89aRsm6u2oEZ8tfwL/2l6BwpZ7JcyieouniDECM5AqNgr/y08zalEIvW3RSK4upYyybDcmjXqAow=="],

    "@noble/ciphers": ["@noble/ciphers@0.6.0", "", {}, "sha512-mIbq/R9QXk5/cTfESb1OKtyFnk7oc1Om/8onA1158K9/OZUQFDEVy55jVTato+xmp3XX6F6Qh0zz0Nc1AxAlRQ=="],

    "@noble/hashes": ["@noble/hashes@1.8.0", "", {}, "sha512-jCs9ldd7NwzpgXDIf6P3+NrHh9/sD6CQdxHyjQI+h/6rDNo88ypBxxz45UDuZHz9r3tNz7N/VInSVoVdtXEI4A=="],

    "@peculiar/asn1-android": ["@peculiar/asn1-android@2.4.0", "", { "dependencies": { "@peculiar/asn1-schema": "^2.4.0", "asn1js": "^3.0.6", "tslib": "^2.8.1" } }, "sha512-YFueREq97CLslZZBI8dKzis7jMfEHSLxM+nr0Zdx1POiXFLjqqwoY5s0F1UimdBiEw/iKlHey2m56MRDv7Jtyg=="],

    "@peculiar/asn1-ecc": ["@peculiar/asn1-ecc@2.4.0", "", { "dependencies": { "@peculiar/asn1-schema": "^2.4.0", "@peculiar/asn1-x509": "^2.4.0", "asn1js": "^3.0.6", "tslib": "^2.8.1" } }, "sha512-fJiYUBCJBDkjh347zZe5H81BdJ0+OGIg0X9z06v8xXUoql3MFeENUX0JsjCaVaU9A0L85PefLPGYkIoGpTnXLQ=="],

    "@peculiar/asn1-rsa": ["@peculiar/asn1-rsa@2.4.0", "", { "dependencies": { "@peculiar/asn1-schema": "^2.4.0", "@peculiar/asn1-x509": "^2.4.0", "asn1js": "^3.0.6", "tslib": "^2.8.1" } }, "sha512-6PP75voaEnOSlWR9sD25iCQyLgFZHXbmxvUfnnDcfL6Zh5h2iHW38+bve4LfH7a60x7fkhZZNmiYqAlAff9Img=="],

    "@peculiar/asn1-schema": ["@peculiar/asn1-schema@2.4.0", "", { "dependencies": { "asn1js": "^3.0.6", "pvtsutils": "^1.3.6", "tslib": "^2.8.1" } }, "sha512-umbembjIWOrPSOzEGG5vxFLkeM8kzIhLkgigtsOrfLKnuzxWxejAcUX+q/SoZCdemlODOcr5WiYa7+dIEzBXZQ=="],

    "@peculiar/asn1-x509": ["@peculiar/asn1-x509@2.4.0", "", { "dependencies": { "@peculiar/asn1-schema": "^2.4.0", "asn1js": "^3.0.6", "pvtsutils": "^1.3.6", "tslib": "^2.8.1" } }, "sha512-F7mIZY2Eao2TaoVqigGMLv+NDdpwuBKU1fucHPONfzaBS4JXXCNCmfO0Z3dsy7JzKGqtDcYC1mr9JjaZQZNiuw=="],

    "@radix-ui/react-compose-refs": ["@radix-ui/react-compose-refs@1.1.2", "", { "peerDependencies": { "@types/react": "*", "react": "^16.8 || ^17.0 || ^18.0 || ^19.0 || ^19.0.0-rc" }, "optionalPeers": ["@types/react"] }, "sha512-z4eqJvfiNnFMHIIvXP3CY57y2WJs5g2v3X0zm9mEJkrkNv4rDxu+sg9Jh8EkXyeqBkB7SOcboo9dMVqhyrACIg=="],

    "@radix-ui/react-slot": ["@radix-ui/react-slot@1.2.3", "", { "dependencies": { "@radix-ui/react-compose-refs": "1.1.2" }, "peerDependencies": { "@types/react": "*", "react": "^16.8 || ^17.0 || ^18.0 || ^19.0 || ^19.0.0-rc" }, "optionalPeers": ["@types/react"] }, "sha512-aeNmHnBxbi2St0au6VBVC7JXFlhLlOnvIIlePNniyUNAClzmtAUEY8/pBiK3iHjufOlwA+c20/8jngo7xcrg8A=="],

    "@simplewebauthn/browser": ["@simplewebauthn/browser@13.1.2", "", {}, "sha512-aZnW0KawAM83fSBUgglP5WofbrLbLyr7CoPqYr66Eppm7zO86YX6rrCjRB3hQKPrL7ATvY4FVXlykZ6w6FwYYw=="],

    "@simplewebauthn/server": ["@simplewebauthn/server@13.1.2", "", { "dependencies": { "@hexagon/base64": "^1.1.27", "@levischuck/tiny-cbor": "^0.2.2", "@peculiar/asn1-android": "^2.3.10", "@peculiar/asn1-ecc": "^2.3.8", "@peculiar/asn1-rsa": "^2.3.8", "@peculiar/asn1-schema": "^2.3.8", "@peculiar/asn1-x509": "^2.3.8" } }, "sha512-VwoDfvLXSCaRiD+xCIuyslU0HLxVggeE5BL06+GbsP2l1fGf5op8e0c3ZtKoi+vSg1q4ikjtAghC23ze2Q3H9g=="],

    "@tanstack/query-core": ["@tanstack/query-core@5.83.1", "", {}, "sha512-OG69LQgT7jSp+5pPuCfzltq/+7l2xoweggjme9vlbCPa/d7D7zaqv5vN/S82SzSYZ4EDLTxNO1PWrv49RAS64Q=="],

    "@tanstack/react-query": ["@tanstack/react-query@5.84.2", "", { "dependencies": { "@tanstack/query-core": "5.83.1" }, "peerDependencies": { "react": "^18 || ^19" } }, "sha512-cZadySzROlD2+o8zIfbD978p0IphuQzRWiiH3I2ugnTmz4jbjc0+TdibpwqxlzynEen8OulgAg+rzdNF37s7XQ=="],

    "@types/bun": ["@types/bun@1.2.20", "", { "dependencies": { "bun-types": "1.2.20" } }, "sha512-dX3RGzQ8+KgmMw7CsW4xT5ITBSCrSbfHc36SNT31EOUg/LA9JWq0VDdEXDRSe1InVWpd2yLUM1FUF/kEOyTzYA=="],

    "@types/node": ["@types/node@24.2.1", "", { "dependencies": { "undici-types": "~7.10.0" } }, "sha512-DRh5K+ka5eJic8CjH7td8QpYEV6Zo10gfRkjHCO3weqZHWDtAaSTFtl4+VMqOJ4N5jcuhZ9/l+yy8rVgw7BQeQ=="],

    "@types/react": ["@types/react@19.1.9", "", { "dependencies": { "csstype": "^3.0.2" } }, "sha512-WmdoynAX8Stew/36uTSVMcLJJ1KRh6L3IZRx1PZ7qJtBqT3dYTgyDTx8H1qoRghErydW7xw9mSJ3wS//tCRpFA=="],

    "@types/react-dom": ["@types/react-dom@19.1.7", "", { "peerDependencies": { "@types/react": "^19.0.0" } }, "sha512-i5ZzwYpqjmrKenzkoLM2Ibzt6mAsM7pxB6BCIouEVVmgiqaMj1TjaK7hnA36hbW5aZv20kx7Lw6hWzPWg0Rurw=="],

    "asn1js": ["asn1js@3.0.6", "", { "dependencies": { "pvtsutils": "^1.3.6", "pvutils": "^1.1.3", "tslib": "^2.8.1" } }, "sha512-UOCGPYbl0tv8+006qks/dTgV9ajs97X2p0FAbyS2iyCRrmLSRolDaHdp+v/CLgnzHc3fVB+CwYiUmei7ndFcgA=="],

    "better-auth": ["better-auth@1.3.6", "", { "dependencies": { "@better-auth/utils": "0.2.6", "@better-fetch/fetch": "^1.1.18", "@noble/ciphers": "^0.6.0", "@noble/hashes": "^1.8.0", "@simplewebauthn/browser": "^13.1.2", "@simplewebauthn/server": "^13.1.2", "better-call": "^1.0.13", "defu": "^6.1.4", "jose": "^5.10.0", "kysely": "^0.28.5", "nanostores": "^0.11.4" }, "peerDependencies": { "react": "^18.0.0 || ^19.0.0", "react-dom": "^18.0.0 || ^19.0.0", "zod": "^3.25.0 || ^4.0.0" }, "optionalPeers": ["react", "react-dom"] }, "sha512-zjwbz9GpgGt3LuvJ8ZXfQeowSRpzdGojVvkhxvXjhCLwGOaOrZmFiNdEVyIKWTraN4oBtgNimcxUIQTGs6OKYg=="],

    "better-call": ["better-call@1.0.13", "", { "dependencies": { "@better-fetch/fetch": "^1.1.4", "rou3": "^0.5.1", "set-cookie-parser": "^2.7.1", "uncrypto": "^0.1.3" } }, "sha512-auqdP9lnNOli9tKpZIiv0nEIwmmyaD/RotM3Mucql+Ef88etoZi/t7Ph5LjlmZt/hiSahhNTt6YVnx6++rziXA=="],

    "bun-plugin-tailwind": ["bun-plugin-tailwind@0.0.15", "", { "peerDependencies": { "typescript": "^5.0.0" } }, "sha512-qtAXMNGG4R0UGGI8zWrqm2B7BdXqx48vunJXBPzfDOHPA5WkRUZdTSbE7TFwO4jLhYqSE23YMWsM9NhE6ovobw=="],

    "bun-types": ["bun-types@1.2.20", "", { "dependencies": { "@types/node": "*" }, "peerDependencies": { "@types/react": "^19" } }, "sha512-pxTnQYOrKvdOwyiyd/7sMt9yFOenN004Y6O4lCcCUoKVej48FS5cvTw9geRaEcB9TsDZaJKAxPTVvi8tFsVuXA=="],

    "class-variance-authority": ["class-variance-authority@0.7.1", "", { "dependencies": { "clsx": "^2.1.1" } }, "sha512-Ka+9Trutv7G8M6WT6SeiRWz792K5qEqIGEGzXKhAE6xOWAY6pPH8U+9IY3oCMv6kqTmLsv7Xh/2w2RigkePMsg=="],

    "clsx": ["clsx@2.1.1", "", {}, "sha512-eYm0QWBtUrBWZWG0d386OGAw16Z995PiOVo2B7bjWSbHedGl5e0ZWaq65kOGgUSNesEIDkB9ISbTg/JK9dhCZA=="],

    "csstype": ["csstype@3.1.3", "", {}, "sha512-M1uQkMl8rQK/szD0LNhtqxIPLpimGm8sOBwU7lLnCpSbTyY3yeU1Vc7l4KT5zT4s/yOxHH5O7tIuuLOCnLADRw=="],

    "defu": ["defu@6.1.4", "", {}, "sha512-mEQCMmwJu317oSz8CwdIOdwf3xMif1ttiM8LTufzc3g6kR+9Pe236twL8j3IYT1F7GfRgGcW6MWxzZjLIkuHIg=="],

    "jose": ["jose@5.10.0", "", {}, "sha512-s+3Al/p9g32Iq+oqXxkW//7jk2Vig6FF1CFqzVXoTUXt2qz89YWbL+OwS17NFYEvxC35n0FKeGO2LGYSxeM2Gg=="],

    "kysely": ["kysely@0.28.5", "", {}, "sha512-rlB0I/c6FBDWPcQoDtkxi9zIvpmnV5xoIalfCMSMCa7nuA6VGA3F54TW9mEgX4DVf10sXAWCF5fDbamI/5ZpKA=="],

    "lucide-react": ["lucide-react@0.539.0", "", { "peerDependencies": { "react": "^16.5.1 || ^17.0.0 || ^18.0.0 || ^19.0.0" } }, "sha512-VVISr+VF2krO91FeuCrm1rSOLACQUYVy7NQkzrOty52Y8TlTPcXcMdQFj9bYzBgXbWCiywlwSZ3Z8u6a+6bMlg=="],

    "nanostores": ["nanostores@0.11.4", "", {}, "sha512-k1oiVNN4hDK8NcNERSZLQiMfRzEGtfnvZvdBvey3SQbgn8Dcrk0h1I6vpxApjb10PFUflZrgJ2WEZyJQ+5v7YQ=="],

    "pvtsutils": ["pvtsutils@1.3.6", "", { "dependencies": { "tslib": "^2.8.1" } }, "sha512-PLgQXQ6H2FWCaeRak8vvk1GW462lMxB5s3Jm673N82zI4vqtVUPuZdffdZbPDFRoU8kAhItWFtPCWiPpp4/EDg=="],

    "pvutils": ["pvutils@1.1.3", "", {}, "sha512-pMpnA0qRdFp32b1sJl1wOJNxZLQ2cbQx+k6tjNtZ8CpvVhNqEPRgivZ2WOUev2YMajecdH7ctUPDvEe87nariQ=="],

    "react": ["react@19.1.1", "", {}, "sha512-w8nqGImo45dmMIfljjMwOGtbmC/mk4CMYhWIicdSflH91J9TyCyczcPFXJzrZ/ZXcgGRFeP6BU0BEJTw6tZdfQ=="],

    "react-dom": ["react-dom@19.1.1", "", { "dependencies": { "scheduler": "^0.26.0" }, "peerDependencies": { "react": "^19.1.1" } }, "sha512-Dlq/5LAZgF0Gaz6yiqZCf6VCcZs1ghAJyrsu84Q/GT0gV+mCxbfmKNoGRKBYMJ8IEdGPqu49YWXD02GCknEDkw=="],

    "rou3": ["rou3@0.5.1", "", {}, "sha512-OXMmJ3zRk2xeXFGfA3K+EOPHC5u7RDFG7lIOx0X1pdnhUkI8MdVrbV+sNsD80ElpUZ+MRHdyxPnFthq9VHs8uQ=="],

    "scheduler": ["scheduler@0.26.0", "", {}, "sha512-NlHwttCI/l5gCPR3D1nNXtWABUmBwvZpEQiD4IXSbIDq8BzLIK/7Ir5gTFSGZDUu37K5cMNp0hFtzO38sC7gWA=="],

    "set-cookie-parser": ["set-cookie-parser@2.7.1", "", {}, "sha512-IOc8uWeOZgnb3ptbCURJWNjWUPcO3ZnTTdzsurqERrP6nPyv+paC55vJM0LpOlT2ne+Ix+9+CRG1MNLlyZ4GjQ=="],

    "tailwind-merge": ["tailwind-merge@3.3.1", "", {}, "sha512-gBXpgUm/3rp1lMZZrM/w7D8GKqshif0zAymAhbCyIt8KMe+0v9DQ7cdYLR4FHH/cKpdTXb+A/tKKU3eolfsI+g=="],

    "tailwindcss": ["tailwindcss@4.1.11", "", {}, "sha512-2E9TBm6MDD/xKYe+dvJZAmg3yxIEDNRc0jwlNyDg/4Fil2QcSLjFKGVff0lAf1jjeaArlG/M75Ey/EYr/OJtBA=="],

    "tslib": ["tslib@2.8.1", "", {}, "sha512-oJFu94HQb+KVduSUQL7wnpmqnfmLsOA/nAh6b6EH0wCEoK0/mPeXU6c3wKDV83MkOuHPRHtSXKKU99IBazS/2w=="],

    "tw-animate-css": ["tw-animate-css@1.3.6", "", {}, "sha512-9dy0R9UsYEGmgf26L8UcHiLmSFTHa9+D7+dAt/G/sF5dCnPePZbfgDYinc7/UzAM7g/baVrmS6m9yEpU46d+LA=="],

    "typescript": ["typescript@5.9.2", "", { "bin": { "tsc": "bin/tsc", "tsserver": "bin/tsserver" } }, "sha512-CWBzXQrc/qOkhidw1OzBTQuYRbfyxDXJMVJ1XNwUHGROVmuaeiEm3OslpZ1RV96d7SKKjZKrSJu3+t/xlw3R9A=="],

    "uncrypto": ["uncrypto@0.1.3", "", {}, "sha512-Ql87qFHB3s/De2ClA9e0gsnS6zXG27SkTiSJwjCc9MebbfapQfuPzumMIUMi38ezPZVNFcHI9sUIepeQfw8J8Q=="],

    "undici-types": ["undici-types@7.10.0", "", {}, "sha512-t5Fy/nfn+14LuOc2KNYg75vZqClpAiqscVvMygNnlsHBFpSXdJaYtXMcdNLpl/Qvc3P2cB3s6lOV51nqsFq4ag=="],

    "zod": ["zod@4.0.17", "", {}, "sha512-1PHjlYRevNxxdy2JZ8JcNAw7rX8V9P1AKkP+x/xZfxB0K5FYfuV+Ug6P/6NVSR2jHQ+FzDDoDHS04nYUsOIyLQ=="],
  }
}
